
Microsoft Visual Studio Solution File, Format Version 12.00
# Visual Studio Version 16
VisualStudioVersion = 16.0.31729.503
MinimumVisualStudioVersion = 10.0.40219.1
Project("{FAE04EC0-301F-11D3-BF4B-00C04F79EFBC}") = "FirstCode", "FirstCode\FirstCode.csproj", "{10CEC3F0-2D30-4C28-BD8D-1AA3BC550DBB}"
EndProject
Global
	GlobalSection(SolutionConfigurationPlatforms) = preSolution
		Debug|Any CPU = Debug|Any CPU
		Release|Any CPU = Release|Any CPU
	EndGlobalSection
	GlobalSection(ProjectConfigurationPlatforms) = postSolution
		{10CEC3F0-2D30-4C28-BD8D-1AA3BC550DBB}.Debug|Any CPU.ActiveCfg = Debug|Any CPU
		{10CEC3F0-2D30-4C28-BD8D-1AA3BC550DBB}.Debug|Any CPU.Build.0 = Debug|Any CPU
		{10CEC3F0-2D30-4C28-BD8D-1AA3BC550DBB}.Release|Any CPU.ActiveCfg = Release|Any CPU
		{10CEC3F0-2D30-4C28-BD8D-1AA3BC550DBB}.Release|Any CPU.Build.0 = Release|Any CPU
	EndGlobalSection
	GlobalSection(SolutionProperties) = preSolution
		HideSolutionNode = FALSE
	EndGlobalSection
	GlobalSection(ExtensibilityGlobals) = postSolution
		SolutionGuid = {95887D71-D68F-4F3F-9C7D-8AB9014D0D9B}
	EndGlobalSection
EndGlobal
